
Microsoft Visual Studio Solution File, Format Version 12.00
Project("{FAE04EC0-301F-11D3-BF4B-00C04F79EFBC}") = "C-Sharp-Final-Chat", "C-Sharp-Final-Chat\C-Sharp-Final-Chat.csproj", "{3EE7BEE2-EC7C-4529-9BB6-88D0A85277E6}"
EndProject
Global
	GlobalSection(SolutionConfigurationPlatforms) = preSolution
		Debug|Any CPU = Debug|Any CPU
		Release|Any CPU = Release|Any CPU
	EndGlobalSection
	GlobalSection(ProjectConfigurationPlatforms) = postSolution
		{3EE7BEE2-EC7C-4529-9BB6-88D0A85277E6}.Debug|Any CPU.ActiveCfg = Debug|Any CPU
		{3EE7BEE2-EC7C-4529-9BB6-88D0A85277E6}.Debug|Any CPU.Build.0 = Debug|Any CPU
		{3EE7BEE2-EC7C-4529-9BB6-88D0A85277E6}.Release|Any CPU.ActiveCfg = Release|Any CPU
		{3EE7BEE2-EC7C-4529-9BB6-88D0A85277E6}.Release|Any CPU.Build.0 = Release|Any CPU
	EndGlobalSection
EndGlobal
